// !$*UTF8*$!
{
	archiveVersion = 1;
	classes = {
	};
	objectVersion = 46;
	objects = {

/* Begin PBXBuildFile section */
		8F6EDC5318D992440045F173 /* Foundation.framework in Frameworks */ = {isa = PBXBuildFile; fileRef = 8F6EDC5218D992440045F173 /* Foundation.framework */; };
		8F6EDC5518D992440045F173 /* CoreGraphics.framework in Frameworks */ = {isa = PBXBuildFile; fileRef = 8F6EDC5418D992440045F173 /* CoreGraphics.framework */; };
		8F6EDC5718D992440045F173 /* UIKit.framework in Frameworks */ = {isa = PBXBuildFile; fileRef = 8F6EDC5618D992440045F173 /* UIKit.framework */; };
		8F6EDC5D18D992440045F173 /* InfoPlist.strings in Resources */ = {isa = PBXBuildFile; fileRef = 8F6EDC5B18D992440045F173 /* InfoPlist.strings */; };
		8F6EDC5F18D992440045F173 /* main.m in Sources */ = {isa = PBXBuildFile; fileRef = 8F6EDC5E18D992440045F173 /* main.m */; };
		8F6EDC6318D992440045F173 /* AppDelegate.m in Sources */ = {isa = PBXBuildFile; fileRef = 8F6EDC6218D992440045F173 /* AppDelegate.m */; };
		8F6EDC6618D992440045F173 /* Main_iPhone.storyboard in Resources */ = {isa = PBXBuildFile; fileRef = 8F6EDC6418D992440045F173 /* Main_iPhone.storyboard */; };
		8F6EDC6E18D992440045F173 /* Images.xcassets in Resources */ = {isa = PBXBuildFile; fileRef = 8F6EDC6D18D992440045F173 /* Images.xcassets */; };
		8F6EDC8D18D992930045F173 /* UIColor+WZYFlatUI.m in Sources */ = {isa = PBXBuildFile; fileRef = 8F6EDC8B18D992930045F173 /* UIColor+WZYFlatUI.m */; };
		8F6EDC9018D993A80045F173 /* MenuTableViewController.m in Sources */ = {isa = PBXBuildFile; fileRef = 8F6EDC8F18D993A80045F173 /* MenuTableViewController.m */; };
/* End PBXBuildFile section */

/* Begin PBXFileReference section */
		8F6EDC4F18D992440045F173 /* ColorDemo.app */ = {isa = PBXFileReference; explicitFileType = wrapper.application; includeInIndex = 0; path = ColorDemo.app; sourceTree = BUILT_PRODUCTS_DIR; };
		8F6EDC5218D992440045F173 /* Foundation.framework */ = {isa = PBXFileReference; lastKnownFileType = wrapper.framework; name = Foundation.framework; path = System/Library/Frameworks/Foundation.framework; sourceTree = SDKROOT; };
		8F6EDC5418D992440045F173 /* CoreGraphics.framework */ = {isa = PBXFileReference; lastKnownFileType = wrapper.framework; name = CoreGraphics.framework; path = System/Library/Frameworks/CoreGraphics.framework; sourceTree = SDKROOT; };
		8F6EDC5618D992440045F173 /* UIKit.framework */ = {isa = PBXFileReference; lastKnownFileType = wrapper.framework; name = UIKit.framework; path = System/Library/Frameworks/UIKit.framework; sourceTree = SDKROOT; };
		8F6EDC5A18D992440045F173 /* ColorDemo-Info.plist */ = {isa = PBXFileReference; lastKnownFileType = text.plist.xml; path = "ColorDemo-Info.plist"; sourceTree = "<group>"; };
		8F6EDC5C18D992440045F173 /* en */ = {isa = PBXFileReference; lastKnownFileType = text.plist.strings; name = en; path = en.lproj/InfoPlist.strings; sourceTree = "<group>"; };
		8F6EDC5E18D992440045F173 /* main.m */ = {isa = PBXFileReference; lastKnownFileType = sourcecode.c.objc; path = main.m; sourceTree = "<group>"; };
		8F6EDC6018D992440045F173 /* ColorDemo-Prefix.pch */ = {isa = PBXFileReference; lastKnownFileType = sourcecode.c.h; path = "ColorDemo-Prefix.pch"; sourceTree = "<group>"; };
		8F6EDC6118D992440045F173 /* AppDelegate.h */ = {isa = PBXFileReference; lastKnownFileType = sourcecode.c.h; path = AppDelegate.h; sourceTree = "<group>"; };
		8F6EDC6218D992440045F173 /* AppDelegate.m */ = {isa = PBXFileReference; lastKnownFileType = sourcecode.c.objc; path = AppDelegate.m; sourceTree = "<group>"; };
		8F6EDC6518D992440045F173 /* Base */ = {isa = PBXFileReference; lastKnownFileType = file.storyboard; name = Base; path = Base.lproj/Main_iPhone.storyboard; sourceTree = "<group>"; };
		8F6EDC6D18D992440045F173 /* Images.xcassets */ = {isa = PBXFileReference; lastKnownFileType = folder.assetcatalog; path = Images.xcassets; sourceTree = "<group>"; };
		8F6EDC7418D992440045F173 /* XCTest.framework */ = {isa = PBXFileReference; lastKnownFileType = wrapper.framework; name = XCTest.framework; path = Library/Frameworks/XCTest.framework; sourceTree = DEVELOPER_DIR; };
		8F6EDC8B18D992930045F173 /* UIColor+WZYFlatUI.m */ = {isa = PBXFileReference; fileEncoding = 4; lastKnownFileType = sourcecode.c.objc; name = "UIColor+WZYFlatUI.m"; path = "Classes/UIColor+WZYFlatUI.m"; sourceTree = "<group>"; };
		8F6EDC8C18D992930045F173 /* UIColor+WZYFlatUI.h */ = {isa = PBXFileReference; fileEncoding = 4; lastKnownFileType = sourcecode.c.h; name = "UIColor+WZYFlatUI.h"; path = "Classes/UIColor+WZYFlatUI.h"; sourceTree = "<group>"; };
		8F6EDC8E18D993A80045F173 /* MenuTableViewController.h */ = {isa = PBXFileReference; fileEncoding = 4; lastKnownFileType = sourcecode.c.h; path = MenuTableViewController.h; sourceTree = "<group>"; };
		8F6EDC8F18D993A80045F173 /* MenuTableViewController.m */ = {isa = PBXFileReference; fileEncoding = 4; lastKnownFileType = sourcecode.c.objc; path = MenuTableViewController.m; sourceTree = "<group>"; };
/* End PBXFileReference section */

/* Begin PBXFrameworksBuildPhase section */
		8F6EDC4C18D992440045F173 /* Frameworks */ = {
			isa = PBXFrameworksBuildPhase;
			buildActionMask = 2147483647;
			files = (
				8F6EDC5518D992440045F173 /* CoreGraphics.framework in Frameworks */,
				8F6EDC5718D992440045F173 /* UIKit.framework in Frameworks */,
				8F6EDC5318D992440045F173 /* Foundation.framework in Frameworks */,
			);
			runOnlyForDeploymentPostprocessing = 0;
		};
/* End PBXFrameworksBuildPhase section */

/* Begin PBXGroup section */
		8F6EDC4618D992440045F173 = {
			isa = PBXGroup;
			children = (
				8F6EDC8A18D9924B0045F173 /* Classes */,
				8F6EDC5818D992440045F173 /* ColorDemo */,
				8F6EDC5118D992440045F173 /* Frameworks */,
				8F6EDC5018D992440045F173 /* Products */,
			);
			sourceTree = "<group>";
		};
		8F6EDC5018D992440045F173 /* Products */ = {
			isa = PBXGroup;
			children = (
				8F6EDC4F18D992440045F173 /* ColorDemo.app */,
			);
			name = Products;
			sourceTree = "<group>";
		};
		8F6EDC5118D992440045F173 /* Frameworks */ = {
			isa = PBXGroup;
			children = (
				8F6EDC5218D992440045F173 /* Foundation.framework */,
				8F6EDC5418D992440045F173 /* CoreGraphics.framework */,
				8F6EDC5618D992440045F173 /* UIKit.framework */,
				8F6EDC7418D992440045F173 /* XCTest.framework */,
			);
			name = Frameworks;
			sourceTree = "<group>";
		};
		8F6EDC5818D992440045F173 /* ColorDemo */ = {
			isa = PBXGroup;
			children = (
				8F6EDC6118D992440045F173 /* AppDelegate.h */,
				8F6EDC6218D992440045F173 /* AppDelegate.m */,
				8F6EDC6418D992440045F173 /* Main_iPhone.storyboard */,
				8F6EDC6D18D992440045F173 /* Images.xcassets */,
				8F6EDC5918D992440045F173 /* Supporting Files */,
				8F6EDC8E18D993A80045F173 /* MenuTableViewController.h */,
				8F6EDC8F18D993A80045F173 /* MenuTableViewController.m */,
			);
			path = ColorDemo;
			sourceTree = "<group>";
		};
		8F6EDC5918D992440045F173 /* Supporting Files */ = {
			isa = PBXGroup;
			children = (
				8F6EDC5A18D992440045F173 /* ColorDemo-Info.plist */,
				8F6EDC5B18D992440045F173 /* InfoPlist.strings */,
				8F6EDC5E18D992440045F173 /* main.m */,
				8F6EDC6018D992440045F173 /* ColorDemo-Prefix.pch */,
			);
			name = "Supporting Files";
			sourceTree = "<group>";
		};
		8F6EDC8A18D9924B0045F173 /* Classes */ = {
			isa = PBXGroup;
			children = (
				8F6EDC8B18D992930045F173 /* UIColor+WZYFlatUI.m */,
				8F6EDC8C18D992930045F173 /* UIColor+WZYFlatUI.h */,
			);
			name = Classes;
			sourceTree = "<group>";
		};
/* End PBXGroup section */

/* Begin PBXNativeTarget section */
		8F6EDC4E18D992440045F173 /* ColorDemo */ = {
			isa = PBXNativeTarget;
			buildConfigurationList = 8F6EDC8418D992440045F173 /* Build configuration list for PBXNativeTarget "ColorDemo" */;
			buildPhases = (
				8F6EDC4B18D992440045F173 /* Sources */,
				8F6EDC4C18D992440045F173 /* Frameworks */,
				8F6EDC4D18D992440045F173 /* Resources */,
			);
			buildRules = (
			);
			dependencies = (
			);
			name = ColorDemo;
			productName = ColorDemo;
			productReference = 8F6EDC4F18D992440045F173 /* ColorDemo.app */;
			productType = "com.apple.product-type.application";
		};
/* End PBXNativeTarget section */

/* Begin PBXProject section */
		8F6EDC4718D992440045F173 /* Project object */ = {
			isa = PBXProject;
			attributes = {
				LastUpgradeCheck = 0510;
				ORGANIZATIONNAME = makoto_kw;
			};
			buildConfigurationList = 8F6EDC4A18D992440045F173 /* Build configuration list for PBXProject "ColorDemo" */;
			compatibilityVersion = "Xcode 3.2";
			developmentRegion = English;
			hasScannedForEncodings = 0;
			knownRegions = (
				en,
				Base,
			);
			mainGroup = 8F6EDC4618D992440045F173;
			productRefGroup = 8F6EDC5018D992440045F173 /* Products */;
			projectDirPath = "";
			projectRoot = "";
			targets = (
				8F6EDC4E18D992440045F173 /* ColorDemo */,
			);
		};
/* End PBXProject section */

/* Begin PBXResourcesBuildPhase section */
		8F6EDC4D18D992440045F173 /* Resources */ = {
			isa = PBXResourcesBuildPhase;
			buildActionMask = 2147483647;
			files = (
				8F6EDC6E18D992440045F173 /* Images.xcassets in Resources */,
				8F6EDC6618D992440045F173 /* Main_iPhone.storyboard in Resources */,
				8F6EDC5D18D992440045F173 /* InfoPlist.strings in Resources */,
			);
			runOnlyForDeploymentPostprocessing = 0;
		};
/* End PBXResourcesBuildPhase section */

/* Begin PBXSourcesBuildPhase section */
		8F6EDC4B18D992440045F173 /* Sources */ = {
			isa = PBXSourcesBuildPhase;
			buildActionMask = 2147483647;
			files = (
				8F6EDC9018D993A80045F173 /* MenuTableViewController.m in Sources */,
				8F6EDC8D18D992930045F173 /* UIColor+WZYFlatUI.m in Sources */,
				8F6EDC6318D992440045F173 /* AppDelegate.m in Sources */,
				8F6EDC5F18D992440045F173 /* main.m in Sources */,
			);
			runOnlyForDeploymentPostprocessing = 0;
		};
/* End PBXSourcesBuildPhase section */

/* Begin PBXVariantGroup section */
		8F6EDC5B18D992440045F173 /* InfoPlist.strings */ = {
			isa = PBXVariantGroup;
			children = (
				8F6EDC5C18D992440045F173 /* en */,
			);
			name = InfoPlist.strings;
			sourceTree = "<group>";
		};
		8F6EDC6418D992440045F173 /* Main_iPhone.storyboard */ = {
			isa = PBXVariantGroup;
			children = (
				8F6EDC6518D992440045F173 /* Base */,
			);
			name = Main_iPhone.storyboard;
			sourceTree = "<group>";
		};
/* End PBXVariantGroup section */

/* Begin XCBuildConfiguration section */
		8F6EDC8218D992440045F173 /* Debug */ = {
			isa = XCBuildConfiguration;
			buildSettings = {
				ALWAYS_SEARCH_USER_PATHS = NO;
				CLANG_CXX_LANGUAGE_STANDARD = "gnu++0x";
				CLANG_CXX_LIBRARY = "libc++";
				CLANG_ENABLE_MODULES = YES;
				CLANG_ENABLE_OBJC_ARC = YES;
				CLANG_WARN_BOOL_CONVERSION = YES;
				CLANG_WARN_CONSTANT_CONVERSION = YES;
				CLANG_WARN_DIRECT_OBJC_ISA_USAGE = YES_ERROR;
				CLANG_WARN_EMPTY_BODY = YES;
				CLANG_WARN_ENUM_CONVERSION = YES;
				CLANG_WARN_INT_CONVERSION = YES;
				CLANG_WARN_OBJC_ROOT_CLASS = YES_ERROR;
				CLANG_WARN__DUPLICATE_METHOD_MATCH = YES;
				"CODE_SIGN_IDENTITY[sdk=iphoneos*]" = "iPhone Developer";
				COPY_PHASE_STRIP = NO;
				GCC_C_LANGUAGE_STANDARD = gnu99;
				GCC_DYNAMIC_NO_PIC = NO;
				GCC_OPTIMIZATION_LEVEL = 0;
				GCC_PREPROCESSOR_DEFINITIONS = (
					"DEBUG=1",
					"$(inherited)",
				);
				GCC_SYMBOLS_PRIVATE_EXTERN = NO;
				GCC_WARN_64_TO_32_BIT_CONVERSION = YES;
				GCC_WARN_ABOUT_RETURN_TYPE = YES_ERROR;
				GCC_WARN_UNDECLARED_SELECTOR = YES;
				GCC_WARN_UNINITIALIZED_AUTOS = YES_AGGRESSIVE;
				GCC_WARN_UNUSED_FUNCTION = YES;
				GCC_WARN_UNUSED_VARIABLE = YES;
				IPHONEOS_DEPLOYMENT_TARGET = 7.0;
				ONLY_ACTIVE_ARCH = YES;
				SDKROOT = iphoneos;
				TARGETED_DEVICE_FAMILY = "1,2";
			};
			name = Debug;
		};
		8F6EDC8318D992440045F173 /* Release */ = {
			isa = XCBuildConfiguration;
			buildSettings = {
				ALWAYS_SEARCH_USER_PATHS = NO;
				CLANG_CXX_LANGUAGE_STANDARD = "gnu++0x";
				CLANG_CXX_LIBRARY = "libc++";
				CLANG_ENABLE_MODULES = YES;
				CLANG_ENABLE_OBJC_ARC = YES;
				CLANG_WARN_BOOL_CONVERSION = YES;
				CLANG_WARN_CONSTANT_CONVERSION = YES;
				CLANG_WARN_DIRECT_OBJC_ISA_USAGE = YES_ERROR;
				CLANG_WARN_EMPTY_BODY = YES;
				CLANG_WARN_ENUM_CONVERSION = YES;
				CLANG_WARN_INT_CONVERSION = YES;
				CLANG_WARN_OBJC_ROOT_CLASS = YES_ERROR;
				CLANG_WARN__DUPLICATE_METHOD_MATCH = YES;
				"CODE_SIGN_IDENTITY[sdk=iphoneos*]" = "iPhone Developer";
				COPY_PHASE_STRIP = YES;
				ENABLE_NS_ASSERTIONS = NO;
				GCC_C_LANGUAGE_STANDARD = gnu99;
				GCC_WARN_64_TO_32_BIT_CONVERSION = YES;
				GCC_WARN_ABOUT_RETURN_TYPE = YES_ERROR;
				GCC_WARN_UNDECLARED_SELECTOR = YES;
				GCC_WARN_UNINITIALIZED_AUTOS = YES_AGGRESSIVE;
				GCC_WARN_UNUSED_FUNCTION = YES;
				GCC_WARN_UNUSED_VARIABLE = YES;
				IPHONEOS_DEPLOYMENT_TARGET = 7.0;
				SDKROOT = iphoneos;
				TARGETED_DEVICE_FAMILY = "1,2";
				VALIDATE_PRODUCT = YES;
			};
			name = Release;
		};
		8F6EDC8518D992440045F173 /* Debug */ = {
			isa = XCBuildConfiguration;
			buildSettings = {
				ASSETCATALOG_COMPILER_APPICON_NAME = AppIcon;
				ASSETCATALOG_COMPILER_LAUNCHIMAGE_NAME = LaunchImage;
				GCC_PRECOMPILE_PREFIX_HEADER = YES;
				GCC_PREFIX_HEADER = "ColorDemo/ColorDemo-Prefix.pch";
				INFOPLIST_FILE = "ColorDemo/ColorDemo-Info.plist";
				PRODUCT_NAME = "$(TARGET_NAME)";
				WRAPPER_EXTENSION = app;
			};
			name = Debug;
		};
		8F6EDC8618D992440045F173 /* Release */ = {
			isa = XCBuildConfiguration;
			buildSettings = {
				ASSETCATALOG_COMPILER_APPICON_NAME = AppIcon;
				ASSETCATALOG_COMPILER_LAUNCHIMAGE_NAME = LaunchImage;
				GCC_PRECOMPILE_PREFIX_HEADER = YES;
				GCC_PREFIX_HEADER = "ColorDemo/ColorDemo-Prefix.pch";
				INFOPLIST_FILE = "ColorDemo/ColorDemo-Info.plist";
				PRODUCT_NAME = "$(TARGET_NAME)";
				WRAPPER_EXTENSION = app;
			};
			name = Release;
		};
/* End XCBuildConfiguration section */

/* Begin XCConfigurationList section */
		8F6EDC4A18D992440045F173 /* Build configuration list for PBXProject "ColorDemo" */ = {
			isa = XCConfigurationList;
			buildConfigurations = (
				8F6EDC8218D992440045F173 /* Debug */,
				8F6EDC8318D992440045F173 /* Release */,
			);
			defaultConfigurationIsVisible = 0;
			defaultConfigurationName = Release;
		};
		8F6EDC8418D992440045F173 /* Build configuration list for PBXNativeTarget "ColorDemo" */ = {
			isa = XCConfigurationList;
			buildConfigurations = (
				8F6EDC8518D992440045F173 /* Debug */,
				8F6EDC8618D992440045F173 /* Release */,
			);
			defaultConfigurationIsVisible = 0;
			defaultConfigurationName = Release;
		};
/* End XCConfigurationList section */
	};
	rootObject = 8F6EDC4718D992440045F173 /* Project object */;
}
